
Microsoft Visual Studio Solution File, Format Version 12.00
# Visual Studio Version 17
VisualStudioVersion = 17.2.32616.157
MinimumVisualStudioVersion = 10.0.40219.1
Project("{FAE04EC0-301F-11D3-BF4B-00C04F79EFBC}") = "AutoRenewingChecklist", "AutoRenewingChecklist.csproj", "{88F95C61-B50B-4F91-8FA9-354425088B4E}"
EndProject
Global
	GlobalSection(SolutionConfigurationPlatforms) = preSolution
		Debug|Any CPU = Debug|Any CPU
		Release|Any CPU = Release|Any CPU
	EndGlobalSection
	GlobalSection(ProjectConfigurationPlatforms) = postSolution
		{88F95C61-B50B-4F91-8FA9-354425088B4E}.Debug|Any CPU.ActiveCfg = Debug|Any CPU
		{88F95C61-B50B-4F91-8FA9-354425088B4E}.Debug|Any CPU.Build.0 = Debug|Any CPU
		{88F95C61-B50B-4F91-8FA9-354425088B4E}.Release|Any CPU.ActiveCfg = Release|Any CPU
		{88F95C61-B50B-4F91-8FA9-354425088B4E}.Release|Any CPU.Build.0 = Release|Any CPU
	EndGlobalSection
	GlobalSection(SolutionProperties) = preSolution
		HideSolutionNode = FALSE
	EndGlobalSection
	GlobalSection(ExtensibilityGlobals) = postSolution
		SolutionGuid = {F7DD4F03-293C-4119-A0CA-57BD0AE94E91}
	EndGlobalSection
EndGlobal
